
Microsoft Visual Studio Solution File, Format Version 12.00
# Visual Studio Version 16
VisualStudioVersion = 16.0.31112.23
MinimumVisualStudioVersion = 10.0.40219.1
Project("{FAE04EC0-301F-11D3-BF4B-00C04F79EFBC}") = "bronzetti.christian.4h.ValEsp", "bronzetti.christian.4h.ValEsp\bronzetti.christian.4h.ValEsp.csproj", "{27BF595D-2177-4E93-84C6-D99F1385539B}"
EndProject
Global
	GlobalSection(SolutionConfigurationPlatforms) = preSolution
		Debug|Any CPU = Debug|Any CPU
		Release|Any CPU = Release|Any CPU
	EndGlobalSection
	GlobalSection(ProjectConfigurationPlatforms) = postSolution
		{27BF595D-2177-4E93-84C6-D99F1385539B}.Debug|Any CPU.ActiveCfg = Debug|Any CPU
		{27BF595D-2177-4E93-84C6-D99F1385539B}.Debug|Any CPU.Build.0 = Debug|Any CPU
		{27BF595D-2177-4E93-84C6-D99F1385539B}.Release|Any CPU.ActiveCfg = Release|Any CPU
		{27BF595D-2177-4E93-84C6-D99F1385539B}.Release|Any CPU.Build.0 = Release|Any CPU
	EndGlobalSection
	GlobalSection(SolutionProperties) = preSolution
		HideSolutionNode = FALSE
	EndGlobalSection
	GlobalSection(ExtensibilityGlobals) = postSolution
		SolutionGuid = {E54FEE0E-7D15-4AB3-A731-C77EAD0670DD}
	EndGlobalSection
EndGlobal
